
cloud.google.com/go v0.112.0 h1:LCRUv20nF2Xo7G+b1p2sPACHM4SgPZk3sLp2Sg+vJHA=
cloud.google.com/go v0.112.0/go.mod h1:o6JSg4IygA0h68s25sT5TMMw56a1Ow3o2Gk2vJ2vJmI=
cloud.google.com/go/compute v1.23.3 h1:j5sN/w2GkK22Wv23K5mYKSfM+fAtrgGZkXyqj2n+2sM=
cloud.google.com/go/compute v1.23.3/go.mod h1:LzQp6m5B2sI2AMX5Y0YnO2Geu5w2QdCfrs22o0FGcjo=
cloud.google.com/go/compute/metadata v0.2.3 h1:2GfJm2p13s9jZk24yMY1e+lo2wJdO0V23rKPgJvE9s0=
cloud.google.com/go/compute/metadata v0.2.3/go.mod h1:G8G2j2JjJ35om/N7s8LdGga5U1u6s3N6aR0O4KpqxVI=
cloud.google.com/go/iam v1.1.5 h1:j/LhCikgoJ22G21w3pSbgJ4YQyI1hy2iUnmmpAQAq3g=
cloud.google.com/go/iam v1.1.5/go.mod h1:49naVKV2ac2s9jA/oK2t2K2yGna2WzLgZfapnJ2nCgI=
cloud.google.com/go/pubsub v1.37.0 h1:639yq+jJjGgEaWjXgqg+gQhYjTqY+hLgLd2iJvjO/iI=
cloud.google.com/go/pubsub v1.37.0/go.mod h1:h/3ZlGgTqjYh2YgLp/eL3Kj2vJ2vJmI=
github.com/felixge/httpsnoop v1.0.4 h1:mP4j8h25Xv4l2V9N2e7V8Izzf3Nn8C8YyvHhTj6Oq2I=
github.com/felixge/httpsnoop v1.0.4/go.mod h1:vNlG6WceW/1j2eS2I9A8Jd1gq5+s8J52jT62vD8MvI0=
github.com/go-logr/logr v1.4.1 h1:32I2goJ9P3zzD4fnr2j5v2f2e2x2L3g6h32z2wz2L3g=
github.com/go-logr/logr v1.4.1/go.mod h1=
github.com/go-logr/stdr v1.2.2 h1=
github.com/golang/groupcache v0.0.0-20210331224755-41bb18bfe9da h1=
github.com/golang/protobuf v1.5.3 h1=
github.com/google/s2a-go v0.1.7 h1=
github.com/googleapis/enterprise-certificate-proxy v0.3.2 h1=
github.com/googleapis/gax-go/v2 v2.12.0 h1=
go.opencensus.io v0.24.0 h1=
go.opentelemetry.io/contrib/instrumentation/google.golang.org/grpc/otelgrpc v0.46.1 h1=
go.opentelemetry.io/contrib/instrumentation/net/http/otelhttp v0.46.1 h1=
go.opentelemetry.io/otel v1.21.0 h1=
go.opentelemetry.io/otel/metric v1.21.0 h1=
go.opentelemetry.io/otel/trace v1.21.0 h1=
golang.org/x/crypto v0.17.0 h1=
golang.org.x/net v0.19.0 h1=
golang.org/x/oauth2 v0.15.0 h1=
golang.org/x/sync v0.5.0 h1=
golang.org/x/sys v0.15.0 h1=
golang.org/x/text v0.14.0 h1=
golang.org/x/time v0.5.0 h1=
google.golang.org/api v0.153.0 h1=
google.golang.org/appengine v1.6.8 h1=
google.golang.org/genproto v0.0.0-20231120223509-83a465c0220f h1=
google.golang.org/genproto/googleapis/api v0.0.0-20231120223509-83a465c0220f h1=
google.golang.org/genproto/googleapis/rpc v0.0.0-20231127180814-3a041ad873d4 h1=
google.golang.org/grpc v1.59.0 h1=
google.golang.org/protobuf v1.31.0 h1=
